
Microsoft Visual Studio Solution File, Format Version 12.00
# Visual Studio 14
VisualStudioVersion = 14.0.25420.1
MinimumVisualStudioVersion = 10.0.40219.1
Project("{FAE04EC0-301F-11D3-BF4B-00C04F79EFBC}") = "Sport", "Sport\Sport.csproj", "{E2D7169D-9BD5-4135-B2FF-327EA6B253AF}"
EndProject
Global
	GlobalSection(SolutionConfigurationPlatforms) = preSolution
		Debug|Any CPU = Debug|Any CPU
		Release|Any CPU = Release|Any CPU
	EndGlobalSection
	GlobalSection(ProjectConfigurationPlatforms) = postSolution
		{E2D7169D-9BD5-4135-B2FF-327EA6B253AF}.Debug|Any CPU.ActiveCfg = Debug|Any CPU
		{E2D7169D-9BD5-4135-B2FF-327EA6B253AF}.Debug|Any CPU.Build.0 = Debug|Any CPU
		{E2D7169D-9BD5-4135-B2FF-327EA6B253AF}.Release|Any CPU.ActiveCfg = Release|Any CPU
		{E2D7169D-9BD5-4135-B2FF-327EA6B253AF}.Release|Any CPU.Build.0 = Release|Any CPU
	EndGlobalSection
	GlobalSection(SolutionProperties) = preSolution
		HideSolutionNode = FALSE
	EndGlobalSection
	GlobalSection(TeamFoundationVersionControl) = preSolution
		SccNumberOfProjects = 2
		SccEnterpriseProvider = {4CA58AB2-18FA-4F8D-95D4-32DDF27D184C}
		SccTeamFoundationServer = https://lrsdev.visualstudio.com/
		SccLocalPath0 = .
		SccProjectUniqueName1 = Sport\\Sport.csproj
		SccProjectName1 = Sport
		SccLocalPath1 = Sport
	EndGlobalSection
EndGlobal
